
Microsoft Visual Studio Solution File, Format Version 12.00
# Visual Studio Version 16
VisualStudioVersion = 16.0.32002.261
MinimumVisualStudioVersion = 10.0.40219.1
Project("{FAE04EC0-301F-11D3-BF4B-00C04F79EFBC}") = "LoopFor", "4 Laba\LoopFor.csproj", "{EBF8C817-2149-4042-95E3-55188F6A8CDE}"
EndProject
Project("{FAE04EC0-301F-11D3-BF4B-00C04F79EFBC}") = "LoopWhile", "LoopWhile\LoopWhile.csproj", "{9C5F16B9-D2A9-416E-A6B6-84DD1D2E32D2}"
EndProject
Project("{FAE04EC0-301F-11D3-BF4B-00C04F79EFBC}") = "LoopDo", "LoopDo\LoopDo.csproj", "{2924D80D-6C26-47F0-8A59-7C9014D1945F}"
EndProject
Project("{FAE04EC0-301F-11D3-BF4B-00C04F79EFBC}") = "Задача 4.1", "Задача 4.1\Задача 4.1.csproj", "{4B023367-763F-42B3-8634-35E91D4D3E6D}"
EndProject
Global
	GlobalSection(SolutionConfigurationPlatforms) = preSolution
		Debug|Any CPU = Debug|Any CPU
		Release|Any CPU = Release|Any CPU
	EndGlobalSection
	GlobalSection(ProjectConfigurationPlatforms) = postSolution
		{EBF8C817-2149-4042-95E3-55188F6A8CDE}.Debug|Any CPU.ActiveCfg = Debug|Any CPU
		{EBF8C817-2149-4042-95E3-55188F6A8CDE}.Debug|Any CPU.Build.0 = Debug|Any CPU
		{EBF8C817-2149-4042-95E3-55188F6A8CDE}.Release|Any CPU.ActiveCfg = Release|Any CPU
		{EBF8C817-2149-4042-95E3-55188F6A8CDE}.Release|Any CPU.Build.0 = Release|Any CPU
		{9C5F16B9-D2A9-416E-A6B6-84DD1D2E32D2}.Debug|Any CPU.ActiveCfg = Debug|Any CPU
		{9C5F16B9-D2A9-416E-A6B6-84DD1D2E32D2}.Debug|Any CPU.Build.0 = Debug|Any CPU
		{9C5F16B9-D2A9-416E-A6B6-84DD1D2E32D2}.Release|Any CPU.ActiveCfg = Release|Any CPU
		{9C5F16B9-D2A9-416E-A6B6-84DD1D2E32D2}.Release|Any CPU.Build.0 = Release|Any CPU
		{2924D80D-6C26-47F0-8A59-7C9014D1945F}.Debug|Any CPU.ActiveCfg = Debug|Any CPU
		{2924D80D-6C26-47F0-8A59-7C9014D1945F}.Debug|Any CPU.Build.0 = Debug|Any CPU
		{2924D80D-6C26-47F0-8A59-7C9014D1945F}.Release|Any CPU.ActiveCfg = Release|Any CPU
		{2924D80D-6C26-47F0-8A59-7C9014D1945F}.Release|Any CPU.Build.0 = Release|Any CPU
		{4B023367-763F-42B3-8634-35E91D4D3E6D}.Debug|Any CPU.ActiveCfg = Debug|Any CPU
		{4B023367-763F-42B3-8634-35E91D4D3E6D}.Debug|Any CPU.Build.0 = Debug|Any CPU
		{4B023367-763F-42B3-8634-35E91D4D3E6D}.Release|Any CPU.ActiveCfg = Release|Any CPU
		{4B023367-763F-42B3-8634-35E91D4D3E6D}.Release|Any CPU.Build.0 = Release|Any CPU
	EndGlobalSection
	GlobalSection(SolutionProperties) = preSolution
		HideSolutionNode = FALSE
	EndGlobalSection
	GlobalSection(ExtensibilityGlobals) = postSolution
		SolutionGuid = {6FD97AC9-F7BA-4A89-83C0-6BC0169E934C}
	EndGlobalSection
EndGlobal
